
Microsoft Visual Studio Solution File, Format Version 12.00
# Visual Studio Version 16
VisualStudioVersion = 16.0.33423.256
MinimumVisualStudioVersion = 10.0.40219.1
Project("{FAE04EC0-301F-11D3-BF4B-00C04F79EFBC}") = "WeBankApplication", "WeBankApplication\WeBankApplication.csproj", "{2789F0E9-59AA-4AA6-B581-0002DBBAF1FF}"
EndProject
Global
	GlobalSection(SolutionConfigurationPlatforms) = preSolution
		Debug|Any CPU = Debug|Any CPU
		Release|Any CPU = Release|Any CPU
	EndGlobalSection
	GlobalSection(ProjectConfigurationPlatforms) = postSolution
		{2789F0E9-59AA-4AA6-B581-0002DBBAF1FF}.Debug|Any CPU.ActiveCfg = Debug|Any CPU
		{2789F0E9-59AA-4AA6-B581-0002DBBAF1FF}.Debug|Any CPU.Build.0 = Debug|Any CPU
		{2789F0E9-59AA-4AA6-B581-0002DBBAF1FF}.Release|Any CPU.ActiveCfg = Release|Any CPU
		{2789F0E9-59AA-4AA6-B581-0002DBBAF1FF}.Release|Any CPU.Build.0 = Release|Any CPU
	EndGlobalSection
	GlobalSection(SolutionProperties) = preSolution
		HideSolutionNode = FALSE
	EndGlobalSection
	GlobalSection(ExtensibilityGlobals) = postSolution
		SolutionGuid = {59324955-69E4-48FE-B86A-2B8244E87B9A}
	EndGlobalSection
EndGlobal
